
Microsoft Visual Studio Solution File, Format Version 12.00
# Visual Studio Version 17
VisualStudioVersion = 17.11.35431.28
MinimumVisualStudioVersion = 10.0.40219.1
Project("{2150E333-8FDC-42A3-9474-1A3956D46DE8}") = "src", "src", "{2F70C218-8935-4C3C-9497-6A5A3AEB06BE}"
EndProject
Project("{FAE04EC0-301F-11D3-BF4B-00C04F79EFBC}") = "PishgamSMSHelper", "src\PishgamSMSHelper\PishgamSMSHelper.csproj", "{D96E2337-6235-463B-800E-414D0677A88A}"
EndProject
Global
	GlobalSection(SolutionConfigurationPlatforms) = preSolution
		Debug|Any CPU = Debug|Any CPU
		Release|Any CPU = Release|Any CPU
	EndGlobalSection
	GlobalSection(ProjectConfigurationPlatforms) = postSolution
		{D96E2337-6235-463B-800E-414D0677A88A}.Debug|Any CPU.ActiveCfg = Debug|Any CPU
		{D96E2337-6235-463B-800E-414D0677A88A}.Debug|Any CPU.Build.0 = Debug|Any CPU
		{D96E2337-6235-463B-800E-414D0677A88A}.Release|Any CPU.ActiveCfg = Release|Any CPU
		{D96E2337-6235-463B-800E-414D0677A88A}.Release|Any CPU.Build.0 = Release|Any CPU
	EndGlobalSection
	GlobalSection(SolutionProperties) = preSolution
		HideSolutionNode = FALSE
	EndGlobalSection
	GlobalSection(NestedProjects) = preSolution
		{D96E2337-6235-463B-800E-414D0677A88A} = {2F70C218-8935-4C3C-9497-6A5A3AEB06BE}
	EndGlobalSection
	GlobalSection(ExtensibilityGlobals) = postSolution
		SolutionGuid = {38C6B8AF-C7B2-4487-8AD3-C11EA4FFD3C9}
	EndGlobalSection
EndGlobal
